{
  "nodes": {
    "flake-utils": {
      "inputs": {
        "systems": "systems"
      },
      "locked": {
        "lastModified": 1731533236,
        "narHash": "sha256-l0KFg5HjrsfsO/JpG+r7fRrqm12kzFHyUHqHCVpMMbI=",
        "owner": "numtide",
        "repo": "flake-utils",
        "rev": "11707dc2f618dd54ca8739b309ec4fc024de578b",
        "type": "github"
      },
      "original": {
        "owner": "numtide",
        "repo": "flake-utils",
        "type": "github"
      }
    },
    "goodnet": {
      "inputs": {
        "nixpkgs": "nixpkgs"
      },
      "locked": {
        "lastModified": 1779642073,
        "narHash": "sha256-F1KleBmQZdfHl/dFGhzXPwK0NseEb2YTjdR2XD9zDp8=",
        "owner": "GoodNet-io",
        "repo": "goodnet",
        "rev": "6f2a177be3ecb9614b494c3788530b4928f5f456",
        "type": "github"
      },
      "original": {
        "owner": "GoodNet-io",
        "ref": "dev",
        "repo": "goodnet",
        "type": "github"
      }
    },
    "goodnet_2": {
      "inputs": {
        "nixpkgs": "nixpkgs_3"
      },
      "locked": {
        "lastModified": 1779642073,
        "narHash": "sha256-F1KleBmQZdfHl/dFGhzXPwK0NseEb2YTjdR2XD9zDp8=",
        "owner": "GoodNet-io",
        "repo": "goodnet",
        "rev": "6f2a177be3ecb9614b494c3788530b4928f5f456",
        "type": "github"
      },
      "original": {
        "owner": "GoodNet-io",
        "ref": "dev",
        "repo": "goodnet",
        "type": "github"
      }
    },
    "handler-dns": {
      "inputs": {
        "goodnet": [
          "goodnet"
        ],
        "nixpkgs": [
          "nixpkgs"
        ]
      },
      "locked": {
        "lastModified": 1779125382,
        "narHash": "sha256-fBLmSi/Ow47Lx+jjMWGqiC6qkQCjDT46FCVZkiNGwjo=",
        "owner": "GoodNet-io",
        "repo": "handler-dns",
        "rev": "75e0189df74ecd9d6fc7dec65e43b6a8b66ea03c",
        "type": "github"
      },
      "original": {
        "owner": "GoodNet-io",
        "repo": "handler-dns",
        "type": "github"
      }
    },
    "handler-heartbeat": {
      "inputs": {
        "goodnet": [
          "goodnet"
        ],
        "nixpkgs": [
          "nixpkgs"
        ]
      },
      "locked": {
        "lastModified": 1779106898,
        "narHash": "sha256-yFwgmmzHkCdykYjUPks0uVAC/zGmG+wDQPIwWThiSh8=",
        "owner": "GoodNet-io",
        "repo": "handler-heartbeat",
        "rev": "3acede9eeee4a0085272bede255ab3314603b8bd",
        "type": "github"
      },
      "original": {
        "owner": "GoodNet-io",
        "repo": "handler-heartbeat",
        "type": "github"
      }
    },
    "handler-store": {
      "inputs": {
        "goodnet": [
          "goodnet"
        ],
        "nixpkgs": [
          "nixpkgs"
        ]
      },
      "locked": {
        "lastModified": 1779144822,
        "narHash": "sha256-6aXaC6RIQICNLh4driLyyM4hjYyH3u62bzxGogdRC0U=",
        "owner": "GoodNet-io",
        "repo": "handler-store",
        "rev": "8dc22347f03884048253123cb22b24b7e656a7d7",
        "type": "github"
      },
      "original": {
        "owner": "GoodNet-io",
        "repo": "handler-store",
        "type": "github"
      }
    },
    "link-ice": {
      "inputs": {
        "goodnet": [
          "goodnet"
        ],
        "nixpkgs": [
          "nixpkgs"
        ]
      },
      "locked": {
        "lastModified": 1779601083,
        "narHash": "sha256-1MOJV7QfsOf3d3w4e14PHpdnxffPJeLeTmqQRMlQnwQ=",
        "owner": "GoodNet-io",
        "repo": "link-ice",
        "rev": "942d4670326a816fdaa13d46394d270dc25aa6e6",
        "type": "github"
      },
      "original": {
        "owner": "GoodNet-io",
        "repo": "link-ice",
        "type": "github"
      }
    },
    "link-ipc": {
      "inputs": {
        "goodnet": [
          "goodnet"
        ],
        "nixpkgs": [
          "nixpkgs"
        ]
      },
      "locked": {
        "lastModified": 1779106658,
        "narHash": "sha256-sZjMrXWgElb+GFC9WspM+OK/qXS6eLKFLaRKXffvEAg=",
        "owner": "GoodNet-io",
        "repo": "link-ipc",
        "rev": "433a1847cd125dded3b7ee125f8374f1ece890bf",
        "type": "github"
      },
      "original": {
        "owner": "GoodNet-io",
        "repo": "link-ipc",
        "type": "github"
      }
    },
    "link-tcp": {
      "inputs": {
        "goodnet": [
          "goodnet"
        ],
        "nixpkgs": [
          "nixpkgs"
        ]
      },
      "locked": {
        "lastModified": 1779269897,
        "narHash": "sha256-6EG5pMD4bcIbma6QYxnsWjHFG+l+LuYjXFfuHw529iY=",
        "owner": "GoodNet-io",
        "repo": "link-tcp",
        "rev": "0babfbf69288e4208659437bc1eae98bab2d9701",
        "type": "github"
      },
      "original": {
        "owner": "GoodNet-io",
        "repo": "link-tcp",
        "type": "github"
      }
    },
    "link-tls": {
      "inputs": {
        "goodnet": [
          "goodnet"
        ],
        "nixpkgs": [
          "nixpkgs"
        ]
      },
      "locked": {
        "lastModified": 1779144298,
        "narHash": "sha256-iDz1dO4Z7vmlSXX50oPDohYgmmPIHDb9n4qQX6qQccY=",
        "owner": "GoodNet-io",
        "repo": "link-tls",
        "rev": "1a4f3fe280b1be1e388fa4de28d4081543f72324",
        "type": "github"
      },
      "original": {
        "owner": "GoodNet-io",
        "repo": "link-tls",
        "type": "github"
      }
    },
    "link-udp": {
      "inputs": {
        "goodnet": [
          "goodnet"
        ],
        "nixpkgs": [
          "nixpkgs"
        ]
      },
      "locked": {
        "lastModified": 1779106772,
        "narHash": "sha256-hw3XU9hvOViEpHsMFwcrVcXk/m5Hmwua7nfFwAoD8F4=",
        "owner": "GoodNet-io",
        "repo": "link-udp",
        "rev": "eaa476fd41e0830b1116da84a11f3fd888e83019",
        "type": "github"
      },
      "original": {
        "owner": "GoodNet-io",
        "repo": "link-udp",
        "type": "github"
      }
    },
    "link-ws": {
      "inputs": {
        "goodnet": [
          "goodnet"
        ],
        "nixpkgs": [
          "nixpkgs"
        ]
      },
      "locked": {
        "lastModified": 1779121949,
        "narHash": "sha256-oLH1OLxR78Vmmf7NrHuUApm4L7CJILV0IuGIBWRCC+Q=",
        "owner": "GoodNet-io",
        "repo": "link-ws",
        "rev": "99213aa8ee8ddf23da25cace9dff8306259cf1c6",
        "type": "github"
      },
      "original": {
        "owner": "GoodNet-io",
        "repo": "link-ws",
        "type": "github"
      }
    },
    "nixpkgs": {
      "locked": {
        "lastModified": 1778869304,
        "narHash": "sha256-30sZNZoA1cqF5JNO9fVX+wgiQYjB7HJqqJ4ztCDeBZE=",
        "owner": "NixOS",
        "repo": "nixpkgs",
        "rev": "d233902339c02a9c334e7e593de68855ad26c4cb",
        "type": "github"
      },
      "original": {
        "owner": "NixOS",
        "ref": "nixos-unstable",
        "repo": "nixpkgs",
        "type": "github"
      }
    },
    "nixpkgs_2": {
      "locked": {
        "lastModified": 1779508470,
        "narHash": "sha256-Ap9KJX+5xHIn3bPIpfNgT6MEXdAECECwo4/rmlQD74M=",
        "owner": "NixOS",
        "repo": "nixpkgs",
        "rev": "29916453413845e54a65b8a1cf996842300cd299",
        "type": "github"
      },
      "original": {
        "owner": "NixOS",
        "ref": "nixos-unstable",
        "repo": "nixpkgs",
        "type": "github"
      }
    },
    "nixpkgs_3": {
      "locked": {
        "lastModified": 1778869304,
        "narHash": "sha256-30sZNZoA1cqF5JNO9fVX+wgiQYjB7HJqqJ4ztCDeBZE=",
        "owner": "NixOS",
        "repo": "nixpkgs",
        "rev": "d233902339c02a9c334e7e593de68855ad26c4cb",
        "type": "github"
      },
      "original": {
        "owner": "NixOS",
        "ref": "nixos-unstable",
        "repo": "nixpkgs",
        "type": "github"
      }
    },
    "nixpkgs_4": {
      "locked": {
        "lastModified": 1779508470,
        "narHash": "sha256-Ap9KJX+5xHIn3bPIpfNgT6MEXdAECECwo4/rmlQD74M=",
        "owner": "NixOS",
        "repo": "nixpkgs",
        "rev": "29916453413845e54a65b8a1cf996842300cd299",
        "type": "github"
      },
      "original": {
        "owner": "NixOS",
        "ref": "nixos-unstable",
        "repo": "nixpkgs",
        "type": "github"
      }
    },
    "protocol-gnet": {
      "inputs": {
        "flake-utils": "flake-utils",
        "goodnet": "goodnet_2",
        "nixpkgs": "nixpkgs_4"
      },
      "locked": {
        "lastModified": 1779646198,
        "narHash": "sha256-nzI1f1TCQaTWi6yVox7mCsCxiAodAWsbKvUrQ/F9MlE=",
        "owner": "GoodNet-io",
        "repo": "protocol-gnet",
        "rev": "37bfe604431b595f568bdeed035c98568e315532",
        "type": "github"
      },
      "original": {
        "owner": "GoodNet-io",
        "repo": "protocol-gnet",
        "type": "github"
      }
    },
    "root": {
      "inputs": {
        "goodnet": "goodnet",
        "handler-dns": "handler-dns",
        "handler-heartbeat": "handler-heartbeat",
        "handler-store": "handler-store",
        "link-ice": "link-ice",
        "link-ipc": "link-ipc",
        "link-tcp": "link-tcp",
        "link-tls": "link-tls",
        "link-udp": "link-udp",
        "link-ws": "link-ws",
        "nixpkgs": "nixpkgs_2",
        "protocol-gnet": "protocol-gnet",
        "security-noise": "security-noise",
        "security-null": "security-null"
      }
    },
    "security-noise": {
      "inputs": {
        "goodnet": [
          "goodnet"
        ],
        "nixpkgs": [
          "nixpkgs"
        ]
      },
      "locked": {
        "lastModified": 1779106836,
        "narHash": "sha256-PT2sQkcn0w2x8uWA1WqaaGPJzq1pxVlru0Hitgzkziw=",
        "owner": "GoodNet-io",
        "repo": "security-noise",
        "rev": "436ba286e31f48320227753603d0b02a877ee87e",
        "type": "github"
      },
      "original": {
        "owner": "GoodNet-io",
        "repo": "security-noise",
        "type": "github"
      }
    },
    "security-null": {
      "inputs": {
        "goodnet": [
          "goodnet"
        ],
        "nixpkgs": [
          "nixpkgs"
        ]
      },
      "locked": {
        "lastModified": 1779106863,
        "narHash": "sha256-6p5tmuBryXIc2lQc7ju47aX1KdKmYqXuClqf7fbpc3k=",
        "owner": "GoodNet-io",
        "repo": "security-null",
        "rev": "b4c8425cb5037587f323c2ec8fc66b31baaaadd4",
        "type": "github"
      },
      "original": {
        "owner": "GoodNet-io",
        "repo": "security-null",
        "type": "github"
      }
    },
    "systems": {
      "locked": {
        "lastModified": 1681028828,
        "narHash": "sha256-Vy1rq5AaRuLzOxct8nz4T6wlgyUR7zLU309k9mBC768=",
        "owner": "nix-systems",
        "repo": "default",
        "rev": "da67096a3b9bf56a91d16901293e51ba5b49a27e",
        "type": "github"
      },
      "original": {
        "owner": "nix-systems",
        "repo": "default",
        "type": "github"
      }
    }
  },
  "root": "root",
  "version": 7
}
