{
  "nodes": {
    "flake-utils": {
      "inputs": {
        "systems": "systems"
      },
      "locked": {
        "lastModified": 1731533236,
        "narHash": "sha256-l0KFg5HjrsfsO/JpG+r7fRrqm12kzFHyUHqHCVpMMbI=",
        "owner": "numtide",
        "repo": "flake-utils",
        "rev": "11707dc2f618dd54ca8739b309ec4fc024de578b",
        "type": "github"
      },
      "original": {
        "owner": "numtide",
        "repo": "flake-utils",
        "type": "github"
      }
    },
    "goodnet": {
      "inputs": {
        "nixpkgs": "nixpkgs"
      },
      "locked": {
        "lastModified": 1779642073,
        "narHash": "sha256-F1KleBmQZdfHl/dFGhzXPwK0NseEb2YTjdR2XD9zDp8=",
        "owner": "GoodNet-io",
        "repo": "goodnet",
        "rev": "6f2a177be3ecb9614b494c3788530b4928f5f456",
        "type": "github"
      },
      "original": {
        "owner": "GoodNet-io",
        "ref": "dev",
        "repo": "goodnet",
        "type": "github"
      }
    },
    "goodnet_2": {
      "inputs": {
        "nixpkgs": "nixpkgs_3"
      },
      "locked": {
        "lastModified": 1779642073,
        "narHash": "sha256-F1KleBmQZdfHl/dFGhzXPwK0NseEb2YTjdR2XD9zDp8=",
        "owner": "GoodNet-io",
        "repo": "goodnet",
        "rev": "6f2a177be3ecb9614b494c3788530b4928f5f456",
        "type": "github"
      },
      "original": {
        "owner": "GoodNet-io",
        "ref": "dev",
        "repo": "goodnet",
        "type": "github"
      }
    },
    "nixpkgs": {
      "locked": {
        "lastModified": 1778869304,
        "narHash": "sha256-30sZNZoA1cqF5JNO9fVX+wgiQYjB7HJqqJ4ztCDeBZE=",
        "owner": "NixOS",
        "repo": "nixpkgs",
        "rev": "d233902339c02a9c334e7e593de68855ad26c4cb",
        "type": "github"
      },
      "original": {
        "owner": "NixOS",
        "ref": "nixos-unstable",
        "repo": "nixpkgs",
        "type": "github"
      }
    },
    "nixpkgs_2": {
      "locked": {
        "lastModified": 1779508470,
        "narHash": "sha256-Ap9KJX+5xHIn3bPIpfNgT6MEXdAECECwo4/rmlQD74M=",
        "owner": "NixOS",
        "repo": "nixpkgs",
        "rev": "29916453413845e54a65b8a1cf996842300cd299",
        "type": "github"
      },
      "original": {
        "owner": "NixOS",
        "ref": "nixos-unstable",
        "repo": "nixpkgs",
        "type": "github"
      }
    },
    "nixpkgs_3": {
      "locked": {
        "lastModified": 1778869304,
        "narHash": "sha256-30sZNZoA1cqF5JNO9fVX+wgiQYjB7HJqqJ4ztCDeBZE=",
        "owner": "NixOS",
        "repo": "nixpkgs",
        "rev": "d233902339c02a9c334e7e593de68855ad26c4cb",
        "type": "github"
      },
      "original": {
        "owner": "NixOS",
        "ref": "nixos-unstable",
        "repo": "nixpkgs",
        "type": "github"
      }
    },
    "nixpkgs_4": {
      "locked": {
        "lastModified": 1779508470,
        "narHash": "sha256-Ap9KJX+5xHIn3bPIpfNgT6MEXdAECECwo4/rmlQD74M=",
        "owner": "NixOS",
        "repo": "nixpkgs",
        "rev": "29916453413845e54a65b8a1cf996842300cd299",
        "type": "github"
      },
      "original": {
        "owner": "NixOS",
        "ref": "nixos-unstable",
        "repo": "nixpkgs",
        "type": "github"
      }
    },
    "protocol-gnet": {
      "inputs": {
        "flake-utils": "flake-utils",
        "goodnet": "goodnet_2",
        "nixpkgs": "nixpkgs_4"
      },
      "locked": {
        "lastModified": 1779644151,
        "narHash": "sha256-grsxeFcWUzLLMMVUQNvHGpGRJQeG3eMTw2TQ7cdYPHc=",
        "owner": "GoodNet-io",
        "repo": "protocol-gnet",
        "rev": "77ce932ed9d0ef699e2f534f61d2032a0988e3f2",
        "type": "github"
      },
      "original": {
        "owner": "GoodNet-io",
        "repo": "protocol-gnet",
        "type": "github"
      }
    },
    "root": {
      "inputs": {
        "goodnet": "goodnet",
        "nixpkgs": "nixpkgs_2",
        "protocol-gnet": "protocol-gnet"
      }
    },
    "systems": {
      "locked": {
        "lastModified": 1681028828,
        "narHash": "sha256-Vy1rq5AaRuLzOxct8nz4T6wlgyUR7zLU309k9mBC768=",
        "owner": "nix-systems",
        "repo": "default",
        "rev": "da67096a3b9bf56a91d16901293e51ba5b49a27e",
        "type": "github"
      },
      "original": {
        "owner": "nix-systems",
        "repo": "default",
        "type": "github"
      }
    }
  },
  "root": "root",
  "version": 7
}
